# THIS IS AN AUTOGENERATED FILE. DO NOT EDIT THIS FILE DIRECTLY.
# yarn lockfile v1


eslint-plugin-relay@^1.8.2:
  version "1.8.2"
  resolved "https://registry.yarnpkg.com/eslint-plugin-relay/-/eslint-plugin-relay-1.8.2.tgz#925f59231e39dfc076b3cbb39ef793c13381579e"
  integrity sha512-bqIfXJnPMd6iHPitONSi8JqxrWQWaX4Rqk1shusKDlUu5vswUgoqOEGgqE8nDu6SmejBUZMz0vY+ROvq5wqOsw==
  dependencies:
    graphql "^14.0.0 || ^15.0.0"

"graphql@^14.0.0 || ^15.0.0":
  version "15.5.0"
  resolved "https://registry.yarnpkg.com/graphql/-/graphql-15.5.0.tgz#39d19494dbe69d1ea719915b578bf920344a69d5"
  integrity sha512-OmaM7y0kaK31NKG31q4YbD2beNYa6jBBKtMFT6gLYJljHLJr42IqJ8KX08u3Li/0ifzTU5HjmoOOrwa5BRLeDA==
